{
  "version": 4,
  "terraform_version": "1.1.2",
  "serial": 2,
  "lineage": "cf087938-7bf9-630b-de4b-f626d492b319",
  "outputs": {
    "droplet_ip_addresses": {
      "value": "178.62.94.85",
      "type": "string"
    }
  },
  "resources": [
    {
      "mode": "data",
      "type": "digitalocean_ssh_key",
      "name": "_1337",
      "provider": "provider[\"registry.terraform.io/digitalocean/digitalocean\"]",
      "instances": [
        {
          "schema_version": 0,
          "attributes": {
            "fingerprint": "f7:57:9d:49:13:1b:95:44:99:f4:3d:8f:5a:70:50:09",
            "id": 32646361,
            "name": "_1337",
            "public_key": "ssh-rsa AAAAB3NzaC1yc2EAAAADAQABAAABAQDGxCBmtxCC/G900mEDXflyAYpVKQ5L+6Oe8tNnKGvdPyhpT8BWikKkvrcLJn2Q5zKNyzdR0fsK4XG5jItWJxLH6JZs+fQQzYcC7FUTovIlI6VL25iRCl42JGcEikGpL0BPD4PGNR2fFqJu3w07dNeycT56a1T/25CZHCUNkahQ4RhGbMODXuFnOyj47mKovRWyA3yXv0O+htKehwilZHs3YfxPi6W63nfvSGi0UibUNoNF6XLAmQD3te1XiD530EUGDRuVAx7K210Xz1zJIe5LgOLP1EZ7TsC+Nm42meN1idlqT6Bq/kIsP12TSsZX3KfpJQzvMSsZu2S4/ABjdDon hchorfi@e1r7p3.1337.ma"
          },
          "sensitive_attributes": []
        }
      ]
    },
    {
      "mode": "data",
      "type": "digitalocean_ssh_key",
      "name": "laptop",
      "provider": "provider[\"registry.terraform.io/digitalocean/digitalocean\"]",
      "instances": [
        {
          "schema_version": 0,
          "attributes": {
            "fingerprint": "7f:87:84:8d:df:87:4c:ac:b5:d0:01:0b:13:fb:b1:cf",
            "id": 32755445,
            "name": "laptop",
            "public_key": "ssh-rsa AAAAB3NzaC1yc2EAAAADAQABAAABgQDLPYOnFTr92oXLvk7BME4po13ex6+59nRi/XdMjt4N52nIH2USozuhseMk+dO6hGcy553Uikxmzq65GrL1LCzDdpByw9OsmzPla8KoAxTDdmp2yLCmDWKZNy3YkZPRtolOU2FiITrPyTHbziJr4iAq99KkPC47xMxB63YUVUVWOS1HYf91fMEH9Um7FP3Z2qotsqrMz5HCq9NMHEUlZ8aaO+sNW+BQ9U1ZWJ2hFoej791TnR49z6gDTymeTi3gJYOtBzmA3mQE8BTSlfqHCHbPljvCzifG7ZeG0gkhCIOu/TQgxH/q/lv4UioQbzJCDVhD4yanG+aOJY1B6Dqow/QJvqW9ZEfsnb3z1bUDwCBkitQEIixtylp+YYZzqq9qajwkcHY2yHV7brJwpSaybKIQEL5DeaDzTXbRRA1MP6FxclEsXeefUjucxuIYxZMnFPZ/1d+8F2973wrkHE8/Slc9ws5X3S+6jzF6KxnZsatarWdOYIOxoPQ+1Q0x2nDeEk0= devza@laptop\n"
          },
          "sensitive_attributes": []
        }
      ]
    },
    {
      "mode": "managed",
      "type": "digitalocean_droplet",
      "name": "devza",
      "provider": "provider[\"registry.terraform.io/digitalocean/digitalocean\"]",
      "instances": [
        {
          "schema_version": 1,
          "attributes": {
            "backups": false,
            "created_at": "2022-01-05T08:09:13Z",
            "disk": 80,
            "droplet_agent": null,
            "graceful_shutdown": false,
            "id": "280741779",
            "image": "ubuntu-18-04-x64",
            "ipv4_address": "178.62.94.85",
            "ipv4_address_private": "10.106.0.2",
            "ipv6": false,
            "ipv6_address": "",
            "locked": false,
            "memory": 4096,
            "monitoring": false,
            "name": "devza",
            "price_hourly": 0.02976,
            "price_monthly": 20,
            "private_networking": true,
            "region": "lon1",
            "resize_disk": true,
            "size": "s-2vcpu-4gb",
            "ssh_keys": [
              "32646361",
              "32755445"
            ],
            "status": "active",
            "tags": null,
            "urn": "do:droplet:280741779",
            "user_data": null,
            "vcpus": 2,
            "volume_ids": [],
            "vpc_uuid": "f41049d9-7f8d-4504-9d0a-462671837861"
          },
          "sensitive_attributes": [],
          "private": "eyJzY2hlbWFfdmVyc2lvbiI6IjEifQ==",
          "dependencies": [
            "data.digitalocean_ssh_key._1337",
            "data.digitalocean_ssh_key.laptop"
          ]
        }
      ]
    }
  ]
}
